<?xml version="1.0" encoding="utf-8"?>
<Project ToolsVersion="4.0" xmlns="http://schemas.microsoft.com/developer/msbuild/2003">
  <ItemGroup>
    <Filter Include="system">
      <UniqueIdentifier>{22dd8095-74f9-46df-81a1-36675a040b1f}</UniqueIdentifier>
    </Filter>
  </ItemGroup>
  <ItemGroup>
    <ClCompile Include="stdafx.cpp" />
    <ClCompile Include="main.cpp" />
    <ClCompile Include="system\system.cpp">
      <Filter>system</Filter>
    </ClCompile>
    <ClCompile Include="Game.cpp" />
    <ClCompile Include="Player.cpp" />
    <ClCompile Include="BackGround.cpp" />
    <ClCompile Include="Buri.cpp" />
    <ClCompile Include="CastGauge.cpp" />
    <ClCompile Include="Character.cpp" />
    <ClCompile Include="Enemy.cpp" />
    <ClCompile Include="Fish.cpp" />
    <ClCompile Include="FishingGauge.cpp" />
    <ClCompile Include="FishingRodHP.cpp" />
    <ClCompile Include="FishManager.cpp" />
    <ClCompile Include="GameCamera.cpp" />
    <ClCompile Include="GameResult.cpp" />
    <ClCompile Include="GaugeCastSuccessful.cpp" />
    <ClCompile Include="GetRotation.cpp" />
    <ClCompile Include="PlayFishing.cpp" />
    <ClCompile Include="PlayFishingBackGround.cpp" />
    <ClCompile Include="PositionSelection.cpp" />
    <ClCompile Include="ScoreDisplay.cpp" />
    <ClCompile Include="Star.cpp" />
    <ClCompile Include="Tatiuo.cpp" />
    <ClCompile Include="TensionGauge.cpp" />
    <ClCompile Include="TimeLimitUI.cpp" />
    <ClCompile Include="Title.cpp" />
    <ClCompile Include="RodFloatMove.cpp" />
    <ClCompile Include="SceneFightFish.cpp" />
    <ClCompile Include="FishModel.cpp" />
    <ClCompile Include="Jakoten.cpp" />
    <ClCompile Include="Hirame.cpp" />
    <ClCompile Include="CastState.cpp" />
    <ClCompile Include="StealPositionBar.cpp" />
    <ClCompile Include="PlayFishingStateBase.cpp" />
    <ClCompile Include="PlayCastGaugeState.cpp" />
    <ClCompile Include="WaitForFishState.cpp" />
    <ClCompile Include="FightFishState.cpp" />
    <ClCompile Include="FishingAnimationState.cpp" />
    <ClCompile Include="Tai.cpp" />
    <ClCompile Include="HitUIState.cpp" />
    <ClCompile Include="FishDetectionRadius.cpp" />
    <ClCompile Include="GameStartCountdown.cpp" />
    <ClCompile Include="FishSlot.cpp" />
    <ClCompile Include="GameStateBase.cpp" />
    <ClCompile Include="FishCatchEffectState.cpp" />
    <ClCompile Include="InGameState.cpp" />
    <ClCompile Include="ScoreManager.cpp" />
    <ClCompile Include="Timer.cpp" />
    <ClCompile Include="FishGetEffect.cpp" />
    <ClCompile Include="GetEffect.cpp" />
  </ItemGroup>
  <ItemGroup>
    <ClInclude Include="stdafx.h" />
    <ClInclude Include="system\system.h">
      <Filter>system</Filter>
    </ClInclude>
    <ClInclude Include="Game.h" />
    <ClInclude Include="Player.h" />
    <ClInclude Include="BackGround.h" />
    <ClInclude Include="Buri.h" />
    <ClInclude Include="CastGauge.h" />
    <ClInclude Include="Character.h" />
    <ClInclude Include="Enemy.h" />
    <ClInclude Include="Fish.h" />
    <ClInclude Include="FishingGauge.h" />
    <ClInclude Include="FishingRodHP.h" />
    <ClInclude Include="FishManager.h" />
    <ClInclude Include="GameCamera.h" />
    <ClInclude Include="GameResult.h" />
    <ClInclude Include="GaugeCastSuccessful.h" />
    <ClInclude Include="GetRotation.h" />
    <ClInclude Include="PlayFishing.h" />
    <ClInclude Include="PlayFishingBackGround.h" />
    <ClInclude Include="PositionSelection.h" />
    <ClInclude Include="ScoreDisplay.h" />
    <ClInclude Include="Star.h" />
    <ClInclude Include="Tatiuo.h" />
    <ClInclude Include="TensionGauge.h" />
    <ClInclude Include="TimeLimitUI.h" />
    <ClInclude Include="Title.h" />
    <ClInclude Include="RodFloatMove.h" />
    <ClInclude Include="SceneFightFish.h" />
    <ClInclude Include="FishModel.h" />
    <ClInclude Include="Jakoten.h" />
    <ClInclude Include="Hirame.h" />
    <ClInclude Include="CastState.h" />
    <ClInclude Include="StealPositionBar.h" />
    <ClInclude Include="PlayFishingStateBase.h" />
    <ClInclude Include="PlayCastGaugeState.h" />
    <ClInclude Include="WaitForFishState.h" />
    <ClInclude Include="FightFishState.h" />
    <ClInclude Include="FishingAnimationState.h" />
    <ClInclude Include="Tai.h" />
    <ClInclude Include="HitUIState.h" />
    <ClInclude Include="FishDetectionRadius.h" />
    <ClInclude Include="GameStartCountdown.h" />
    <ClInclude Include="FishSlot.h" />
    <ClInclude Include="GameStateBase.h" />
    <ClInclude Include="FishCatchEffectState.h" />
    <ClInclude Include="InGameState.h" />
    <ClInclude Include="ScoreManager.h" />
    <ClInclude Include="Timer.h" />
    <ClInclude Include="FishGetEffect.h" />
    <ClInclude Include="GetEffect.h" />
  </ItemGroup>
</Project>